PODS:
  - Alamofire (5.2.2)
  - Bond (7.6.6):
    - Differ (~> 1.4)
    - ReactiveKit (~> 3.14)
  - Differ (1.4.5)
  - Haptica (3.0.2)
  - KeychainAccess (4.2.1)
  - Kingfisher (5.15.5):
    - Kingfisher/Core (= 5.15.5)
  - Kingfisher/Core (5.15.5)
  - Moya/Core (14.0.0):
    - Alamofire (~> 5.0)
  - Moya/ReactiveSwift (14.0.0):
    - Moya/Core
    - ReactiveSwift (~> 6.0)
  - ReactiveKit (3.17.4)
  - ReactiveSwift (6.4.0)
  - Realm (5.4.7):
    - Realm/Headers (= 5.4.7)
  - Realm/Headers (5.4.7)
  - RealmSwift (5.4.7):
    - Realm (= 5.4.7)
  - SwiftGen (6.3.0)
  - SwiftLint (0.40.2)
  - Swinject (2.7.1)
  - Typist (1.4.2)

DEPENDENCIES:
  - Alamofire
  - Bond
  - Haptica
  - KeychainAccess
  - Kingfisher
  - Moya/ReactiveSwift
  - ReactiveKit
  - RealmSwift
  - SwiftGen
  - SwiftLint
  - Swinject
  - Typist

SPEC REPOS:
  trunk:
    - Alamofire
    - Bond
    - Differ
    - Haptica
    - KeychainAccess
    - Kingfisher
    - Moya
    - ReactiveKit
    - ReactiveSwift
    - Realm
    - RealmSwift
    - SwiftGen
    - SwiftLint
    - Swinject
    - Typist

SPEC CHECKSUMS:
  Alamofire: 814429acc853c6c54ff123fc3d2ef66803823ce0
  Bond: 9e7d901cf4ed825b6004a93dd0a7f1c7479e2834
  Differ: 3b6bd78e2b20cc795d9a86f7641d087524e4273e
  Haptica: dc206651beeca25ab4744c633fbf0ae4d1e86baf
  KeychainAccess: 9b07f665298d13c3a85881bd3171f6f49b8151c1
  Kingfisher: e3ec347a5ab8817b7585ef46923a2d2b9a7d8fbe
  Moya: 5b45dacb75adb009f97fde91c204c1e565d31916
  ReactiveKit: f9f9e079efa39312c597bf1508ef4810d111ce76
  ReactiveSwift: 7555791a608c0679563a3f72546f971b2a06de98
  Realm: 4bfc08e376b2e30c84ec3200ebe715574da05cc0
  RealmSwift: ed40f371b62e8677141939e05b44a0c1a0a2d965
  SwiftGen: 3d5024a47ea79e408cded20763d7a17d18a4548c
  SwiftLint: 1216c910d27c2633ade33b4f071bb6b930982e62
  Swinject: ddf78b8486dd9b71a667b852cad919ab4484478e
  Typist: 06465ab9867782aa6c81e38f073dfc01dab73deb

PODFILE CHECKSUM: 28b4d5d8f8b48f76df3b3f23286c4f991efbeca3

COCOAPODS: 1.9.3
